<?xml version="1.0" encoding="utf-8"?>
<Project ToolsVersion="4.0" xmlns="http://schemas.microsoft.com/developer/msbuild/2003">
  <ItemGroup>
    <Filter Include="Source Files">
      <UniqueIdentifier>{4FC737F1-C7A5-4376-A066-2A32D752A2FF}</UniqueIdentifier>
      <Extensions>cpp;c;cc;cxx;c++;cppm;ixx;def;odl;idl;hpj;bat;asm;asmx</Extensions>
    </Filter>
    <Filter Include="Header Files">
      <UniqueIdentifier>{93995380-89BD-4b04-88EB-625FBE52EBFB}</UniqueIdentifier>
      <Extensions>h;hh;hpp;hxx;h++;hm;inl;inc;ipp;xsd</Extensions>
    </Filter>
    <Filter Include="Resource Files">
      <UniqueIdentifier>{67DA6AB6-F800-4c08-8B7A-83BB121AAD01}</UniqueIdentifier>
      <Extensions>rc;ico;cur;bmp;dlg;rc2;rct;bin;rgs;gif;jpg;jpeg;jpe;resx;tiff;tif;png;wav;mfcribbon-ms</Extensions>
    </Filter>
  </ItemGroup>
  <ItemGroup>
    <ClCompile Include="source\main.cpp">
      <Filter>Source Files</Filter>
    </ClCompile>
    <ClCompile Include="source\application.cpp">
      <Filter>Source Files</Filter>
    </ClCompile>
    <ClCompile Include="source\window.cpp">
      <Filter>Source Files</Filter>
    </ClCompile>
    <ClCompile Include="source\dx12_includes.cpp">
      <Filter>Source Files</Filter>
    </ClCompile>
    <ClCompile Include="source\command_queue.cpp">
      <Filter>Source Files</Filter>
    </ClCompile>
    <ClCompile Include="source\clock.cpp">
      <Filter>Source Files</Filter>
    </ClCompile>
    <ClCompile Include="source\game..cpp">
      <Filter>Source Files</Filter>
    </ClCompile>
    <ClCompile Include="source\demo.cpp">
      <Filter>Source Files</Filter>
    </ClCompile>
    <ClCompile Include="source\upload_buffer.cpp">
      <Filter>Source Files</Filter>
    </ClCompile>
    <ClCompile Include="source\descriptor_allocator.cpp">
      <Filter>Source Files</Filter>
    </ClCompile>
    <ClCompile Include="source\descriptor_allocator_page.cpp">
      <Filter>Source Files</Filter>
    </ClCompile>
    <ClCompile Include="source\descriptor_allocation.cpp">
      <Filter>Source Files</Filter>
    </ClCompile>
    <ClCompile Include="source\root_signature.cpp">
      <Filter>Source Files</Filter>
    </ClCompile>
    <ClCompile Include="source\dynamic_descriptor_heap.cpp">
      <Filter>Source Files</Filter>
    </ClCompile>
    <ClCompile Include="source\command_list.cpp">
      <Filter>Source Files</Filter>
    </ClCompile>
    <ClCompile Include="source\resource_state_tracker.cpp">
      <Filter>Source Files</Filter>
    </ClCompile>
    <ClCompile Include="source\resource.cpp">
      <Filter>Source Files</Filter>
    </ClCompile>
    <ClCompile Include="source\texture.cpp">
      <Filter>Source Files</Filter>
    </ClCompile>
    <ClCompile Include="source\vertex_buffer.cpp">
      <Filter>Source Files</Filter>
    </ClCompile>
    <ClCompile Include="source\buffer.cpp">
      <Filter>Source Files</Filter>
    </ClCompile>
    <ClCompile Include="source\index_buffer.cpp">
      <Filter>Source Files</Filter>
    </ClCompile>
    <ClCompile Include="source\camera.cpp">
      <Filter>Source Files</Filter>
    </ClCompile>
    <ClCompile Include="source\mesh.cpp">
      <Filter>Source Files</Filter>
    </ClCompile>
    <ClCompile Include="source\render_target.cpp">
      <Filter>Source Files</Filter>
    </ClCompile>
    <ClCompile Include="thirdparty\DirectXTex\BC.cpp">
      <Filter>Source Files</Filter>
    </ClCompile>
    <ClCompile Include="thirdparty\DirectXTex\BC4BC5.cpp">
      <Filter>Source Files</Filter>
    </ClCompile>
    <ClCompile Include="thirdparty\DirectXTex\BC6HBC7.cpp">
      <Filter>Source Files</Filter>
    </ClCompile>
    <ClCompile Include="thirdparty\DirectXTex\BCDirectCompute.cpp">
      <Filter>Source Files</Filter>
    </ClCompile>
    <ClCompile Include="thirdparty\DirectXTex\DirectXTexCompress.cpp">
      <Filter>Source Files</Filter>
    </ClCompile>
    <ClCompile Include="thirdparty\DirectXTex\DirectXTexCompressGPU.cpp">
      <Filter>Source Files</Filter>
    </ClCompile>
    <ClCompile Include="thirdparty\DirectXTex\DirectXTexConvert.cpp">
      <Filter>Source Files</Filter>
    </ClCompile>
    <ClCompile Include="thirdparty\DirectXTex\DirectXTexD3D11.cpp">
      <Filter>Source Files</Filter>
    </ClCompile>
    <ClCompile Include="thirdparty\DirectXTex\DirectXTexD3D12.cpp">
      <Filter>Source Files</Filter>
    </ClCompile>
    <ClCompile Include="thirdparty\DirectXTex\DirectXTexDDS.cpp">
      <Filter>Source Files</Filter>
    </ClCompile>
    <ClCompile Include="thirdparty\DirectXTex\DirectXTexFlipRotate.cpp">
      <Filter>Source Files</Filter>
    </ClCompile>
    <ClCompile Include="thirdparty\DirectXTex\DirectXTexHDR.cpp">
      <Filter>Source Files</Filter>
    </ClCompile>
    <ClCompile Include="thirdparty\DirectXTex\DirectXTexImage.cpp">
      <Filter>Source Files</Filter>
    </ClCompile>
    <ClCompile Include="thirdparty\DirectXTex\DirectXTexMipmaps.cpp">
      <Filter>Source Files</Filter>
    </ClCompile>
    <ClCompile Include="thirdparty\DirectXTex\DirectXTexMisc.cpp">
      <Filter>Source Files</Filter>
    </ClCompile>
    <ClCompile Include="thirdparty\DirectXTex\DirectXTexNormalMaps.cpp">
      <Filter>Source Files</Filter>
    </ClCompile>
    <ClCompile Include="thirdparty\DirectXTex\DirectXTexPMAlpha.cpp">
      <Filter>Source Files</Filter>
    </ClCompile>
    <ClCompile Include="thirdparty\DirectXTex\DirectXTexResize.cpp">
      <Filter>Source Files</Filter>
    </ClCompile>
    <ClCompile Include="thirdparty\DirectXTex\DirectXTexTGA.cpp">
      <Filter>Source Files</Filter>
    </ClCompile>
    <ClCompile Include="thirdparty\DirectXTex\DirectXTexUtil.cpp">
      <Filter>Source Files</Filter>
    </ClCompile>
    <ClCompile Include="thirdparty\DirectXTex\DirectXTexWIC.cpp">
      <Filter>Source Files</Filter>
    </ClCompile>
  </ItemGroup>
  <ItemGroup>
    <ClInclude Include="header\helpers.h">
      <Filter>Header Files</Filter>
    </ClInclude>
    <ClInclude Include="header\application.h">
      <Filter>Header Files</Filter>
    </ClInclude>
    <ClInclude Include="header\window.h">
      <Filter>Header Files</Filter>
    </ClInclude>
    <ClInclude Include="header\clock.h">
      <Filter>Header Files</Filter>
    </ClInclude>
    <ClInclude Include="header\events.h">
      <Filter>Header Files</Filter>
    </ClInclude>
    <ClInclude Include="header\key_codes.h">
      <Filter>Header Files</Filter>
    </ClInclude>
    <ClInclude Include="header\game.h">
      <Filter>Header Files</Filter>
    </ClInclude>
    <ClInclude Include="header\dx12_includes.h">
      <Filter>Header Files</Filter>
    </ClInclude>
    <ClInclude Include="header\command_queue.h">
      <Filter>Header Files</Filter>
    </ClInclude>
    <ClInclude Include="header\demo.h">
      <Filter>Header Files</Filter>
    </ClInclude>
    <ClInclude Include="header\upload_buffer.h">
      <Filter>Header Files</Filter>
    </ClInclude>
    <ClInclude Include="header\defines.h">
      <Filter>Header Files</Filter>
    </ClInclude>
    <ClInclude Include="header\descriptor_allocator.h">
      <Filter>Header Files</Filter>
    </ClInclude>
    <ClInclude Include="header\descriptor_allocator_page.h">
      <Filter>Header Files</Filter>
    </ClInclude>
    <ClInclude Include="header\root_signature.h">
      <Filter>Header Files</Filter>
    </ClInclude>
    <ClInclude Include="header\dynamic_descriptor_heap.h">
      <Filter>Header Files</Filter>
    </ClInclude>
    <ClInclude Include="header\command_list.h">
      <Filter>Header Files</Filter>
    </ClInclude>
    <ClInclude Include="header\resource_state_tracker.h">
      <Filter>Header Files</Filter>
    </ClInclude>
    <ClInclude Include="header\resource.h">
      <Filter>Header Files</Filter>
    </ClInclude>
    <ClInclude Include="header\texture.h">
      <Filter>Header Files</Filter>
    </ClInclude>
    <ClInclude Include="header\texture_usage.h">
      <Filter>Header Files</Filter>
    </ClInclude>
    <ClInclude Include="header\vertex_buffer.h">
      <Filter>Header Files</Filter>
    </ClInclude>
    <ClInclude Include="header\buffer.h">
      <Filter>Header Files</Filter>
    </ClInclude>
    <ClInclude Include="header\index_buffer.h">
      <Filter>Header Files</Filter>
    </ClInclude>
    <ClInclude Include="header\camera.h">
      <Filter>Header Files</Filter>
    </ClInclude>
    <ClInclude Include="header\mesh.h">
      <Filter>Header Files</Filter>
    </ClInclude>
    <ClInclude Include="header\render_target.h">
      <Filter>Header Files</Filter>
    </ClInclude>
    <ClInclude Include="header\thread_safe_queue.h">
      <Filter>Header Files</Filter>
    </ClInclude>
    <ClInclude Include="thirdparty\DirectXTex\BC.h">
      <Filter>Header Files</Filter>
    </ClInclude>
    <ClInclude Include="thirdparty\DirectXTex\BCDirectCompute.h">
      <Filter>Header Files</Filter>
    </ClInclude>
    <ClInclude Include="thirdparty\DirectXTex\d3dx12.h">
      <Filter>Header Files</Filter>
    </ClInclude>
    <ClInclude Include="thirdparty\DirectXTex\DDS.h">
      <Filter>Header Files</Filter>
    </ClInclude>
    <ClInclude Include="thirdparty\DirectXTex\DirectXTex.h">
      <Filter>Header Files</Filter>
    </ClInclude>
    <ClInclude Include="thirdparty\DirectXTex\DirectXTexP.h">
      <Filter>Header Files</Filter>
    </ClInclude>
    <ClInclude Include="thirdparty\DirectXTex\Filters.h">
      <Filter>Header Files</Filter>
    </ClInclude>
    <ClInclude Include="thirdparty\DirectXTex\scoped.h">
      <Filter>Header Files</Filter>
    </ClInclude>
  </ItemGroup>
  <ItemGroup>
    <FxCompile Include="shaders\pixel.hlsl" />
    <FxCompile Include="shaders\vertex.hlsl" />
  </ItemGroup>
  <ItemGroup>
    <None Include="header\descriptor_allocation.h" />
    <None Include="thirdparty\DirectXTex\Shaders\Compiled\BC6HEncode_EncodeBlockCS.inc">
      <Filter>Header Files</Filter>
    </None>
    <None Include="thirdparty\DirectXTex\Shaders\Compiled\BC6HEncode_TryModeG10CS.inc">
      <Filter>Header Files</Filter>
    </None>
    <None Include="thirdparty\DirectXTex\Shaders\Compiled\BC6HEncode_TryModeLE10CS.inc">
      <Filter>Header Files</Filter>
    </None>
    <None Include="thirdparty\DirectXTex\Shaders\Compiled\BC7Encode_EncodeBlockCS.inc">
      <Filter>Header Files</Filter>
    </None>
    <None Include="thirdparty\DirectXTex\Shaders\Compiled\BC7Encode_TryMode02CS.inc">
      <Filter>Header Files</Filter>
    </None>
    <None Include="thirdparty\DirectXTex\Shaders\Compiled\BC7Encode_TryMode137CS.inc">
      <Filter>Header Files</Filter>
    </None>
    <None Include="thirdparty\DirectXTex\Shaders\Compiled\BC7Encode_TryMode456CS.inc">
      <Filter>Header Files</Filter>
    </None>
    <None Include="thirdparty\DirectXTex\DirectXTex.inl">
      <Filter>Header Files</Filter>
    </None>
  </ItemGroup>
</Project>