<?xml version="1.0" encoding="utf-8"?>
<Project ToolsVersion="4.0" xmlns="http://schemas.microsoft.com/developer/msbuild/2003">
  <ItemGroup>
    <Filter Include="Source Files">
      <UniqueIdentifier>{4FC737F1-C7A5-4376-A066-2A32D752A2FF}</UniqueIdentifier>
      <Extensions>cpp;c;cc;cxx;c++;cppm;ixx;def;odl;idl;hpj;bat;asm;asmx</Extensions>
    </Filter>
    <Filter Include="Header Files">
      <UniqueIdentifier>{93995380-89BD-4b04-88EB-625FBE52EBFB}</UniqueIdentifier>
      <Extensions>h;hh;hpp;hxx;h++;hm;inl;inc;ipp;xsd</Extensions>
    </Filter>
    <Filter Include="Resource Files">
      <UniqueIdentifier>{67DA6AB6-F800-4c08-8B7A-83BB121AAD01}</UniqueIdentifier>
      <Extensions>rc;ico;cur;bmp;dlg;rc2;rct;bin;rgs;gif;jpg;jpeg;jpe;resx;tiff;tif;png;wav;mfcribbon-ms</Extensions>
    </Filter>
  </ItemGroup>
  <ItemGroup>
    <ClCompile Include="source\core\application.cpp">
      <Filter>Source Files</Filter>
    </ClCompile>
    <ClCompile Include="source\DX12\window.cpp">
      <Filter>Source Files</Filter>
    </ClCompile>
    <ClCompile Include="source\DX12\dx12_includes.cpp">
      <Filter>Source Files</Filter>
    </ClCompile>
    <ClCompile Include="source\DX12\command_queue.cpp">
      <Filter>Source Files</Filter>
    </ClCompile>
    <ClCompile Include="source\core\clock.cpp">
      <Filter>Source Files</Filter>
    </ClCompile>
    <ClCompile Include="source\core\game..cpp">
      <Filter>Source Files</Filter>
    </ClCompile>
    <ClCompile Include="source\DX12\upload_buffer.cpp">
      <Filter>Source Files</Filter>
    </ClCompile>
    <ClCompile Include="source\DX12\descriptor_allocator.cpp">
      <Filter>Source Files</Filter>
    </ClCompile>
    <ClCompile Include="source\DX12\descriptor_allocator_page.cpp">
      <Filter>Source Files</Filter>
    </ClCompile>
    <ClCompile Include="source\DX12\descriptor_allocation.cpp">
      <Filter>Source Files</Filter>
    </ClCompile>
    <ClCompile Include="source\DX12\root_signature.cpp">
      <Filter>Source Files</Filter>
    </ClCompile>
    <ClCompile Include="source\DX12\dynamic_descriptor_heap.cpp">
      <Filter>Source Files</Filter>
    </ClCompile>
    <ClCompile Include="source\DX12\command_list.cpp">
      <Filter>Source Files</Filter>
    </ClCompile>
    <ClCompile Include="source\DX12\resource_state_tracker.cpp">
      <Filter>Source Files</Filter>
    </ClCompile>
    <ClCompile Include="source\resources\resource.cpp">
      <Filter>Source Files</Filter>
    </ClCompile>
    <ClCompile Include="source\resources\texture.cpp">
      <Filter>Source Files</Filter>
    </ClCompile>
    <ClCompile Include="source\resources\vertex_buffer.cpp">
      <Filter>Source Files</Filter>
    </ClCompile>
    <ClCompile Include="source\resources\buffer.cpp">
      <Filter>Source Files</Filter>
    </ClCompile>
    <ClCompile Include="source\resources\index_buffer.cpp">
      <Filter>Source Files</Filter>
    </ClCompile>
    <ClCompile Include="source\core\camera.cpp">
      <Filter>Source Files</Filter>
    </ClCompile>
    <ClCompile Include="source\resources\mesh.cpp">
      <Filter>Source Files</Filter>
    </ClCompile>
    <ClCompile Include="source\DX12\render_target.cpp">
      <Filter>Source Files</Filter>
    </ClCompile>
    <ClCompile Include="source\DX12\generate_mips_pso.cpp">
      <Filter>Source Files</Filter>
    </ClCompile>
    <ClCompile Include="source\DX12\pipeline_state_object.cpp">
      <Filter>Source Files</Filter>
    </ClCompile>
    <ClCompile Include="source\DX12\shader_resource_view.cpp">
      <Filter>Source Files</Filter>
    </ClCompile>
    <ClCompile Include="source\DX12\unordered_access_view.cpp">
      <Filter>Source Files</Filter>
    </ClCompile>
    <ClCompile Include="source\DX12\swapchain.cpp">
      <Filter>Source Files</Filter>
    </ClCompile>
    <ClCompile Include="source\UI\GUI.cpp">
      <Filter>Source Files</Filter>
    </ClCompile>
    <ClCompile Include="thirdparty\imgui\imgui.cpp">
      <Filter>Source Files</Filter>
    </ClCompile>
    <ClCompile Include="thirdparty\imgui\imgui_demo.cpp">
      <Filter>Source Files</Filter>
    </ClCompile>
    <ClCompile Include="thirdparty\imgui\imgui_draw.cpp">
      <Filter>Source Files</Filter>
    </ClCompile>
    <ClCompile Include="thirdparty\imgui\imgui_impl_win32.cpp">
      <Filter>Source Files</Filter>
    </ClCompile>
    <ClCompile Include="thirdparty\imgui\imgui_widgets.cpp">
      <Filter>Source Files</Filter>
    </ClCompile>
    <ClCompile Include="source\DX12\scene.cpp">
      <Filter>Source Files</Filter>
    </ClCompile>
    <ClCompile Include="source\DX12\scene_visitor.cpp">
      <Filter>Source Files</Filter>
    </ClCompile>
    <ClCompile Include="source\resources\vertex_types.cpp">
      <Filter>Source Files</Filter>
    </ClCompile>
    <ClCompile Include="source\resources\material.cpp">
      <Filter>Source Files</Filter>
    </ClCompile>
    <ClCompile Include="source\DX12\scene_node.cpp">
      <Filter>Source Files</Filter>
    </ClCompile>
    <ClCompile Include="source\DX12\effect_pso.cpp">
      <Filter>Source Files</Filter>
    </ClCompile>
  </ItemGroup>
  <ItemGroup>
    <ClInclude Include="header\utility\helpers.h">
      <Filter>Header Files</Filter>
    </ClInclude>
    <ClInclude Include="header\core\application.h">
      <Filter>Header Files</Filter>
    </ClInclude>
    <ClInclude Include="header\core\window.h">
      <Filter>Header Files</Filter>
    </ClInclude>
    <ClInclude Include="header\core\clock.h">
      <Filter>Header Files</Filter>
    </ClInclude>
    <ClInclude Include="header\core\events.h">
      <Filter>Header Files</Filter>
    </ClInclude>
    <ClInclude Include="header\utility\key_codes.h">
      <Filter>Header Files</Filter>
    </ClInclude>
    <ClInclude Include="header\core\game.h">
      <Filter>Header Files</Filter>
    </ClInclude>
    <ClInclude Include="header\DX12\dx12_includes.h">
      <Filter>Header Files</Filter>
    </ClInclude>
    <ClInclude Include="header\DX12\command_queue.h">
      <Filter>Header Files</Filter>
    </ClInclude>
    <ClInclude Include="header\DX12\upload_buffer.h">
      <Filter>Header Files</Filter>
    </ClInclude>
    <ClInclude Include="header\utility\defines.h">
      <Filter>Header Files</Filter>
    </ClInclude>
    <ClInclude Include="header\DX12\descriptor_allocator.h">
      <Filter>Header Files</Filter>
    </ClInclude>
    <ClInclude Include="header\DX12\descriptor_allocator_page.h">
      <Filter>Header Files</Filter>
    </ClInclude>
    <ClInclude Include="header\DX12\root_signature.h">
      <Filter>Header Files</Filter>
    </ClInclude>
    <ClInclude Include="header\DX12\dynamic_descriptor_heap.h">
      <Filter>Header Files</Filter>
    </ClInclude>
    <ClInclude Include="header\DX12\command_list.h">
      <Filter>Header Files</Filter>
    </ClInclude>
    <ClInclude Include="header\DX12\resource_state_tracker.h">
      <Filter>Header Files</Filter>
    </ClInclude>
    <ClInclude Include="header\resources\resource.h">
      <Filter>Header Files</Filter>
    </ClInclude>
    <ClInclude Include="header\resources\texture.h">
      <Filter>Header Files</Filter>
    </ClInclude>
    <ClInclude Include="header\resources\texture_usage.h">
      <Filter>Header Files</Filter>
    </ClInclude>
    <ClInclude Include="header\resources\vertex_buffer.h">
      <Filter>Header Files</Filter>
    </ClInclude>
    <ClInclude Include="header\resources\buffer.h">
      <Filter>Header Files</Filter>
    </ClInclude>
    <ClInclude Include="header\resources\index_buffer.h">
      <Filter>Header Files</Filter>
    </ClInclude>
    <ClInclude Include="header\core\camera.h">
      <Filter>Header Files</Filter>
    </ClInclude>
    <ClInclude Include="header\resources\mesh.h">
      <Filter>Header Files</Filter>
    </ClInclude>
    <ClInclude Include="header\DX12\render_target.h">
      <Filter>Header Files</Filter>
    </ClInclude>
    <ClInclude Include="header\utility\thread_safe_queue.h">
      <Filter>Header Files</Filter>
    </ClInclude>
    <ClInclude Include="header\DX12\generate_mips_pso.h">
      <Filter>Header Files</Filter>
    </ClInclude>
    <ClInclude Include="shaders\GenerateMips_CS.h">
      <Filter>Header Files</Filter>
    </ClInclude>
    <ClInclude Include="header\DX12\shader_resource_view.h">
      <Filter>Header Files</Filter>
    </ClInclude>
    <ClInclude Include="header\DX12\unordered_access_view.h">
      <Filter>Header Files</Filter>
    </ClInclude>
    <ClInclude Include="header\DX12\pipeline_state_object.h">
      <Filter>Header Files</Filter>
    </ClInclude>
    <ClInclude Include="header\DX12\swapchain.h">
      <Filter>Header Files</Filter>
    </ClInclude>
    <ClInclude Include="header\UI\GUI.h">
      <Filter>Header Files</Filter>
    </ClInclude>
    <ClInclude Include="shaders\imGUI_VS.h">
      <Filter>Header Files</Filter>
    </ClInclude>
    <ClInclude Include="shaders\imGUI_PS.h">
      <Filter>Header Files</Filter>
    </ClInclude>
    <ClInclude Include="thirdparty\imgui\imconfig.h">
      <Filter>Header Files</Filter>
    </ClInclude>
    <ClInclude Include="thirdparty\imgui\imgui.h">
      <Filter>Header Files</Filter>
    </ClInclude>
    <ClInclude Include="thirdparty\imgui\imgui_impl_win32.h">
      <Filter>Header Files</Filter>
    </ClInclude>
    <ClInclude Include="thirdparty\imgui\imgui_internal.h">
      <Filter>Header Files</Filter>
    </ClInclude>
    <ClInclude Include="thirdparty\imgui\imstb_rectpack.h">
      <Filter>Header Files</Filter>
    </ClInclude>
    <ClInclude Include="thirdparty\imgui\imstb_textedit.h">
      <Filter>Header Files</Filter>
    </ClInclude>
    <ClInclude Include="thirdparty\imgui\imstb_truetype.h">
      <Filter>Header Files</Filter>
    </ClInclude>
    <ClInclude Include="header\utility\signals.hpp">
      <Filter>Header Files</Filter>
    </ClInclude>
    <ClInclude Include="header\utility\optional.hpp">
      <Filter>Header Files</Filter>
    </ClInclude>
    <ClInclude Include="header\DX12\scene.h">
      <Filter>Header Files</Filter>
    </ClInclude>
    <ClInclude Include="header\DX12\visitor.h">
      <Filter>Header Files</Filter>
    </ClInclude>
    <ClInclude Include="header\DX12\scene_visitor.h">
      <Filter>Header Files</Filter>
    </ClInclude>
    <ClInclude Include="header\resources\vertex_types.h">
      <Filter>Header Files</Filter>
    </ClInclude>
    <ClInclude Include="header\resources\material.h">
      <Filter>Header Files</Filter>
    </ClInclude>
    <ClInclude Include="header\DX12\scene_node.h">
      <Filter>Header Files</Filter>
    </ClInclude>
    <ClInclude Include="header\utility\game_framework_includes.h">
      <Filter>Header Files</Filter>
    </ClInclude>
    <ClInclude Include="header\DX12\effect_pso.h">
      <Filter>Header Files</Filter>
    </ClInclude>
    <ClInclude Include="header\DX12\light.h">
      <Filter>Header Files</Filter>
    </ClInclude>
    <ClInclude Include="header\utility\link_lib.h">
      <Filter>Header Files</Filter>
    </ClInclude>
    <ClInclude Include="header\core\EV.h">
      <Filter>Header Files</Filter>
    </ClInclude>
  </ItemGroup>
  <ItemGroup>
    <FxCompile Include="shaders\pixel.hlsl" />
    <FxCompile Include="shaders\vertex.hlsl" />
  </ItemGroup>
  <ItemGroup>
    <None Include="header\DX12\descriptor_allocation.h" />
  </ItemGroup>
</Project>