<?xml version="1.0" encoding="utf-8"?>
<Project ToolsVersion="4.0" xmlns="http://schemas.microsoft.com/developer/msbuild/2003">
  <ItemGroup>
    <Filter Include="Source Files">
      <UniqueIdentifier>{4FC737F1-C7A5-4376-A066-2A32D752A2FF}</UniqueIdentifier>
      <Extensions>cpp;c;cc;cxx;c++;cppm;ixx;def;odl;idl;hpj;bat;asm;asmx</Extensions>
    </Filter>
    <Filter Include="Header Files">
      <UniqueIdentifier>{93995380-89BD-4b04-88EB-625FBE52EBFB}</UniqueIdentifier>
      <Extensions>h;hh;hpp;hxx;h++;hm;inl;inc;ipp;xsd</Extensions>
    </Filter>
    <Filter Include="Resource Files">
      <UniqueIdentifier>{67DA6AB6-F800-4c08-8B7A-83BB121AAD01}</UniqueIdentifier>
      <Extensions>rc;ico;cur;bmp;dlg;rc2;rct;bin;rgs;gif;jpg;jpeg;jpe;resx;tiff;tif;png;wav;mfcribbon-ms</Extensions>
    </Filter>
  </ItemGroup>
  <ItemGroup>
    <ClCompile Include="source\main.cpp">
      <Filter>Source Files</Filter>
    </ClCompile>
    <ClCompile Include="source\application.cpp">
      <Filter>Source Files</Filter>
    </ClCompile>
    <ClCompile Include="source\window.cpp">
      <Filter>Source Files</Filter>
    </ClCompile>
    <ClCompile Include="source\dx12_includes.cpp">
      <Filter>Source Files</Filter>
    </ClCompile>
    <ClCompile Include="source\command_queue.cpp">
      <Filter>Source Files</Filter>
    </ClCompile>
    <ClCompile Include="source\clock.cpp">
      <Filter>Source Files</Filter>
    </ClCompile>
    <ClCompile Include="source\game..cpp">
      <Filter>Source Files</Filter>
    </ClCompile>
    <ClCompile Include="source\demo.cpp">
      <Filter>Source Files</Filter>
    </ClCompile>
    <ClCompile Include="source\upload_buffer.cpp">
      <Filter>Source Files</Filter>
    </ClCompile>
    <ClCompile Include="source\descriptor_allocator.cpp">
      <Filter>Source Files</Filter>
    </ClCompile>
    <ClCompile Include="source\descriptor_allocator_page.cpp">
      <Filter>Source Files</Filter>
    </ClCompile>
    <ClCompile Include="source\descriptor_allocation.cpp">
      <Filter>Source Files</Filter>
    </ClCompile>
    <ClCompile Include="source\root_signature.cpp">
      <Filter>Source Files</Filter>
    </ClCompile>
    <ClCompile Include="source\dynamic_descriptor_heap.cpp">
      <Filter>Source Files</Filter>
    </ClCompile>
    <ClCompile Include="source\command_list.cpp">
      <Filter>Source Files</Filter>
    </ClCompile>
    <ClCompile Include="source\resource_state_tracker.cpp">
      <Filter>Source Files</Filter>
    </ClCompile>
    <ClCompile Include="source\resource.cpp">
      <Filter>Source Files</Filter>
    </ClCompile>
    <ClCompile Include="source\texture.cpp">
      <Filter>Source Files</Filter>
    </ClCompile>
    <ClCompile Include="source\vertex_buffer.cpp">
      <Filter>Source Files</Filter>
    </ClCompile>
    <ClCompile Include="source\buffer.cpp">
      <Filter>Source Files</Filter>
    </ClCompile>
    <ClCompile Include="source\index_buffer.cpp">
      <Filter>Source Files</Filter>
    </ClCompile>
    <ClCompile Include="source\camera.cpp">
      <Filter>Source Files</Filter>
    </ClCompile>
    <ClCompile Include="source\mesh.cpp">
      <Filter>Source Files</Filter>
    </ClCompile>
    <ClCompile Include="source\render_target.cpp">
      <Filter>Source Files</Filter>
    </ClCompile>
    <ClCompile Include="source\generate_mips_pso.cpp">
      <Filter>Source Files</Filter>
    </ClCompile>
    <ClCompile Include="source\pipeline_state_object.cpp">
      <Filter>Source Files</Filter>
    </ClCompile>
    <ClCompile Include="source\shader_resource_view.cpp">
      <Filter>Source Files</Filter>
    </ClCompile>
    <ClCompile Include="source\unordered_access_view.cpp">
      <Filter>Source Files</Filter>
    </ClCompile>
    <ClCompile Include="source\swapchain.cpp">
      <Filter>Source Files</Filter>
    </ClCompile>
    <ClCompile Include="source\GUI.cpp">
      <Filter>Source Files</Filter>
    </ClCompile>
    <ClCompile Include="thirdparty\imgui\imgui.cpp">
      <Filter>Source Files</Filter>
    </ClCompile>
    <ClCompile Include="thirdparty\imgui\imgui_demo.cpp">
      <Filter>Source Files</Filter>
    </ClCompile>
    <ClCompile Include="thirdparty\imgui\imgui_draw.cpp">
      <Filter>Source Files</Filter>
    </ClCompile>
    <ClCompile Include="thirdparty\imgui\imgui_impl_win32.cpp">
      <Filter>Source Files</Filter>
    </ClCompile>
    <ClCompile Include="thirdparty\imgui\imgui_widgets.cpp">
      <Filter>Source Files</Filter>
    </ClCompile>
    <ClCompile Include="source\scene.cpp">
      <Filter>Source Files</Filter>
    </ClCompile>
    <ClCompile Include="source\scene_visitor.cpp">
      <Filter>Source Files</Filter>
    </ClCompile>
    <ClCompile Include="source\vertex_types.cpp">
      <Filter>Source Files</Filter>
    </ClCompile>
    <ClCompile Include="source\material.cpp">
      <Filter>Source Files</Filter>
    </ClCompile>
    <ClCompile Include="source\scene_node.cpp">
      <Filter>Source Files</Filter>
    </ClCompile>
  </ItemGroup>
  <ItemGroup>
    <ClInclude Include="header\helpers.h">
      <Filter>Header Files</Filter>
    </ClInclude>
    <ClInclude Include="header\application.h">
      <Filter>Header Files</Filter>
    </ClInclude>
    <ClInclude Include="header\window.h">
      <Filter>Header Files</Filter>
    </ClInclude>
    <ClInclude Include="header\clock.h">
      <Filter>Header Files</Filter>
    </ClInclude>
    <ClInclude Include="header\events.h">
      <Filter>Header Files</Filter>
    </ClInclude>
    <ClInclude Include="header\key_codes.h">
      <Filter>Header Files</Filter>
    </ClInclude>
    <ClInclude Include="header\game.h">
      <Filter>Header Files</Filter>
    </ClInclude>
    <ClInclude Include="header\dx12_includes.h">
      <Filter>Header Files</Filter>
    </ClInclude>
    <ClInclude Include="header\command_queue.h">
      <Filter>Header Files</Filter>
    </ClInclude>
    <ClInclude Include="header\demo.h">
      <Filter>Header Files</Filter>
    </ClInclude>
    <ClInclude Include="header\upload_buffer.h">
      <Filter>Header Files</Filter>
    </ClInclude>
    <ClInclude Include="header\defines.h">
      <Filter>Header Files</Filter>
    </ClInclude>
    <ClInclude Include="header\descriptor_allocator.h">
      <Filter>Header Files</Filter>
    </ClInclude>
    <ClInclude Include="header\descriptor_allocator_page.h">
      <Filter>Header Files</Filter>
    </ClInclude>
    <ClInclude Include="header\root_signature.h">
      <Filter>Header Files</Filter>
    </ClInclude>
    <ClInclude Include="header\dynamic_descriptor_heap.h">
      <Filter>Header Files</Filter>
    </ClInclude>
    <ClInclude Include="header\command_list.h">
      <Filter>Header Files</Filter>
    </ClInclude>
    <ClInclude Include="header\resource_state_tracker.h">
      <Filter>Header Files</Filter>
    </ClInclude>
    <ClInclude Include="header\resource.h">
      <Filter>Header Files</Filter>
    </ClInclude>
    <ClInclude Include="header\texture.h">
      <Filter>Header Files</Filter>
    </ClInclude>
    <ClInclude Include="header\texture_usage.h">
      <Filter>Header Files</Filter>
    </ClInclude>
    <ClInclude Include="header\vertex_buffer.h">
      <Filter>Header Files</Filter>
    </ClInclude>
    <ClInclude Include="header\buffer.h">
      <Filter>Header Files</Filter>
    </ClInclude>
    <ClInclude Include="header\index_buffer.h">
      <Filter>Header Files</Filter>
    </ClInclude>
    <ClInclude Include="header\camera.h">
      <Filter>Header Files</Filter>
    </ClInclude>
    <ClInclude Include="header\mesh.h">
      <Filter>Header Files</Filter>
    </ClInclude>
    <ClInclude Include="header\render_target.h">
      <Filter>Header Files</Filter>
    </ClInclude>
    <ClInclude Include="header\thread_safe_queue.h">
      <Filter>Header Files</Filter>
    </ClInclude>
    <ClInclude Include="header\generate_mips_pso.h">
      <Filter>Header Files</Filter>
    </ClInclude>
    <ClInclude Include="shaders\GenerateMips_CS.h">
      <Filter>Header Files</Filter>
    </ClInclude>
    <ClInclude Include="header\shader_resource_view.h">
      <Filter>Header Files</Filter>
    </ClInclude>
    <ClInclude Include="header\unordered_access_view.h">
      <Filter>Header Files</Filter>
    </ClInclude>
    <ClInclude Include="header\pipeline_state_object.h">
      <Filter>Header Files</Filter>
    </ClInclude>
    <ClInclude Include="header\swapchain.h">
      <Filter>Header Files</Filter>
    </ClInclude>
    <ClInclude Include="header\GUI.h">
      <Filter>Header Files</Filter>
    </ClInclude>
    <ClInclude Include="shaders\imGUI_VS.h">
      <Filter>Header Files</Filter>
    </ClInclude>
    <ClInclude Include="shaders\imGUI_PS.h">
      <Filter>Header Files</Filter>
    </ClInclude>
    <ClInclude Include="thirdparty\imgui\imconfig.h">
      <Filter>Header Files</Filter>
    </ClInclude>
    <ClInclude Include="thirdparty\imgui\imgui.h">
      <Filter>Header Files</Filter>
    </ClInclude>
    <ClInclude Include="thirdparty\imgui\imgui_impl_win32.h">
      <Filter>Header Files</Filter>
    </ClInclude>
    <ClInclude Include="thirdparty\imgui\imgui_internal.h">
      <Filter>Header Files</Filter>
    </ClInclude>
    <ClInclude Include="thirdparty\imgui\imstb_rectpack.h">
      <Filter>Header Files</Filter>
    </ClInclude>
    <ClInclude Include="thirdparty\imgui\imstb_textedit.h">
      <Filter>Header Files</Filter>
    </ClInclude>
    <ClInclude Include="thirdparty\imgui\imstb_truetype.h">
      <Filter>Header Files</Filter>
    </ClInclude>
    <ClInclude Include="header\signals.hpp">
      <Filter>Header Files</Filter>
    </ClInclude>
    <ClInclude Include="header\optional.hpp">
      <Filter>Header Files</Filter>
    </ClInclude>
    <ClInclude Include="header\scene.h">
      <Filter>Header Files</Filter>
    </ClInclude>
    <ClInclude Include="header\visitor.h">
      <Filter>Header Files</Filter>
    </ClInclude>
    <ClInclude Include="header\scene_visitor.h">
      <Filter>Header Files</Filter>
    </ClInclude>
    <ClInclude Include="header\vertex_types.h">
      <Filter>Header Files</Filter>
    </ClInclude>
    <ClInclude Include="header\material.h">
      <Filter>Header Files</Filter>
    </ClInclude>
    <ClInclude Include="header\scene_node.h">
      <Filter>Header Files</Filter>
    </ClInclude>
  </ItemGroup>
  <ItemGroup>
    <FxCompile Include="shaders\pixel.hlsl" />
    <FxCompile Include="shaders\vertex.hlsl" />
  </ItemGroup>
  <ItemGroup>
    <None Include="header\descriptor_allocation.h" />
  </ItemGroup>
</Project>